# This file is autogenerated, do not edit; changes may be undone by the next 'dep ensure'.


[[projects]]
  branch = "master"
  digest = "1:210dd3b6f30ebc5ff2e0b4795b5141ee4578c29b38df0326fb140863d45c01fa"
  name = "github.com/creack/goselect"
  packages = ["."]
  pruneopts = "UT"
  revision = "58854f77ee8d858ce751b0a9bcc5533fef7bfa9e"

[[projects]]
  digest = "1:ffe9824d294da03b391f44e1ae8281281b4afc1bdaa9588c9097785e3af10cec"
  name = "github.com/davecgh/go-spew"
  packages = ["spew"]
  pruneopts = "UT"
  revision = "8991bc29aa16c548c550c7ff78260e27b9ab7c73"
  version = "v1.1.1"

[[projects]]
  branch = "master"
  digest = "1:f044010887bcfb9cda37e92028bc0afe9223adcb6504529e474167637993d21c"
  name = "github.com/dhillondeep/go-serial"
  packages = ["."]
  pruneopts = "UT"
  revision = "9b3984ca8de0613a858a67b9cdb154af822da02c"

[[projects]]
  branch = "master"
  digest = "1:988cfde37f089c50ba1ac8a1032c3f81d2ac0359e1872093b946a30139665eb6"
  name = "github.com/dsnet/compress"
  packages = [
    ".",
    "bzip2",
    "bzip2/internal/sais",
    "internal",
    "internal/errors",
    "internal/prefix",
  ]
  pruneopts = "UT"
  revision = "cc9eb1d7ad760af14e8f918698f745e80377af4f"

[[projects]]
  digest = "1:865079840386857c809b72ce300be7580cb50d3d3129ce11bf9aa6ca2bc1934a"
  name = "github.com/fatih/color"
  packages = ["."]
  pruneopts = "UT"
  revision = "5b77d2a35fb0ede96d138fc9a99f5c9b6aef11b4"
  version = "v1.7.0"

[[projects]]
  branch = "master"
  digest = "1:4a0c6bb4805508a6287675fac876be2ac1182539ca8a32468d8128882e9d5009"
  name = "github.com/golang/snappy"
  packages = ["."]
  pruneopts = "UT"
  revision = "2e65f85255dbc3072edf28d6b5b8efc472979f5a"

[[projects]]
  digest = "1:ecd9aa82687cf31d1585d4ac61d0ba180e42e8a6182b85bd785fcca8dfeefc1b"
  name = "github.com/joho/godotenv"
  packages = ["."]
  pruneopts = "UT"
  revision = "23d116af351c84513e1946b527c88823e476be13"
  version = "v1.3.0"

[[projects]]
  digest = "1:c658e84ad3916da105a761660dcaeb01e63416c8ec7bc62256a9b411a05fcd67"
  name = "github.com/mattn/go-colorable"
  packages = ["."]
  pruneopts = "UT"
  revision = "167de6bfdfba052fa6b2d3664c8f5272e23c9072"
  version = "v0.0.9"

[[projects]]
  digest = "1:0981502f9816113c9c8c4ac301583841855c8cf4da8c72f696b3ebedf6d0e4e5"
  name = "github.com/mattn/go-isatty"
  packages = ["."]
  pruneopts = "UT"
  revision = "6ca4dbf54d38eea1a992b3c722a76a5d1c4cb25c"
  version = "v0.0.4"

[[projects]]
  digest = "1:67b3e2eb7a5bcfe8374b617315f1a8dfdff3c131a451eb2c01664790ef6dd4e6"
  name = "github.com/mholt/archiver"
  packages = ["."]
  pruneopts = "UT"
  revision = "d572b2e8b82726cee9476d1b9d63a7fe9b601ff1"
  version = "v3.1.1"

[[projects]]
  digest = "1:b93a939355dc613ca1c23bf39f6d4c207da431a31dd8af001cc334ad24cab9d3"
  name = "github.com/nwaples/rardecode"
  packages = ["."]
  pruneopts = "UT"
  revision = "cc3e4b2381762c56dbcdf9f93be03349a1dc1c14"
  version = "v1.0.0"

[[projects]]
  digest = "1:e39a5ee8fcbec487f8fc68863ef95f2b025e0739b0e4aa55558a2b4cf8f0ecf0"
  name = "github.com/pierrec/lz4"
  packages = [
    ".",
    "internal/xxh32",
  ]
  pruneopts = "UT"
  revision = "635575b42742856941dbc767b44905bb9ba083f6"
  version = "v2.0.7"

[[projects]]
  digest = "1:0028cb19b2e4c3112225cd871870f2d9cf49b9b4276531f03438a88e94be86fe"
  name = "github.com/pmezard/go-difflib"
  packages = ["difflib"]
  pruneopts = "UT"
  revision = "792786c7400a136282c1664665ae0a8db921c6c2"
  version = "v1.0.0"

[[projects]]
  digest = "1:972c2427413d41a1e06ca4897e8528e5a1622894050e2f527b38ddf0f343f759"
  name = "github.com/stretchr/testify"
  packages = ["assert"]
  pruneopts = "UT"
  revision = "ffdc059bfe9ce6a4e144ba849dbedead332c6053"
  version = "v1.3.0"

[[projects]]
  digest = "1:d1816f8f4877e87cf0a80a25fbc0e7c7a6937bd728ccbf85e2c151c792445a1b"
  name = "github.com/thoas/go-funk"
  packages = ["."]
  pruneopts = "UT"
  revision = "9132db0aefe2a09565f5124e267ac9a89845d8f6"
  version = "0.4"

[[projects]]
  digest = "1:db345c377984d0907323c09a9b17f11d995a59649fd38f909727df358b5f9020"
  name = "github.com/ulikunitz/xz"
  packages = [
    ".",
    "internal/hash",
    "internal/xlog",
    "lzma",
  ]
  pruneopts = "UT"
  revision = "590df8077fbcb06ad62d7714da06c00e5dd2316d"
  version = "v0.5.5"

[[projects]]
  digest = "1:b24d38b282bacf9791408a080f606370efa3d364e4b5fd9ba0f7b87786d3b679"
  name = "github.com/urfave/cli"
  packages = ["."]
  pruneopts = "UT"
  revision = "cfb38830724cc34fedffe9a2a29fb54fa9169cd1"
  version = "v1.20.0"

[[projects]]
  branch = "master"
  digest = "1:0dfba983988bcd90e6dd30b9bfdb9685ff530dbf61db3706e55372e975b1d8bc"
  name = "github.com/xi2/xz"
  packages = ["."]
  pruneopts = "UT"
  revision = "48954b6210f8d154cb5f8484d3a3e1f83489309e"

[[projects]]
  branch = "master"
  digest = "1:177147c6beea9efbe2e2f58b17ff1686f084ac7d7f4b6a36e085f8cb98e106a0"
  name = "go.bug.st/serial.v1"
  packages = [
    ".",
    "unixutils",
  ]
  pruneopts = "UT"
  revision = "5f7892a7bb453066bdc6683b9b5d24d9dee03ec1"

[[projects]]
  branch = "master"
  digest = "1:38f553aff0273ad6f367cb0a0f8b6eecbaef8dc6cb8b50e57b6a81c1d5b1e332"
  name = "golang.org/x/crypto"
  packages = ["ssh/terminal"]
  pruneopts = "UT"
  revision = "ff983b9c42bc9fbf91556e191cc8efb585c16908"

[[projects]]
  branch = "master"
  digest = "1:5ee4df7ab18e945607ac822de8d10b180baea263b5e8676a1041727543b9c1e4"
  name = "golang.org/x/sys"
  packages = [
    "unix",
    "windows",
  ]
  pruneopts = "UT"
  revision = "48ac38b7c8cbedd50b1613c0fccacfc7d88dfcdf"

[[projects]]
  digest = "1:4d2e5a73dc1500038e504a8d78b986630e3626dc027bc030ba5c75da257cdb96"
  name = "gopkg.in/yaml.v2"
  packages = ["."]
  pruneopts = "UT"
  revision = "51d6538a90f86fe93ac480b35f37b2be17fef232"
  version = "v2.2.2"

[solve-meta]
  analyzer-name = "dep"
  analyzer-version = 1
  input-imports = [
    "github.com/dhillondeep/go-serial",
    "github.com/fatih/color",
    "github.com/joho/godotenv",
    "github.com/mattn/go-colorable",
    "github.com/mholt/archiver",
    "github.com/stretchr/testify/assert",
    "github.com/thoas/go-funk",
    "github.com/urfave/cli",
    "go.bug.st/serial.v1",
    "golang.org/x/crypto/ssh/terminal",
    "gopkg.in/yaml.v2",
  ]
  solver-name = "gps-cdcl"
  solver-version = 1
